
Microsoft Visual Studio Solution File, Format Version 12.00
# Visual Studio Version 16
VisualStudioVersion = 16.0.32106.194
MinimumVisualStudioVersion = 10.0.40219.1
Project("{FAE04EC0-301F-11D3-BF4B-00C04F79EFBC}") = "flat clock", "flat clock.csproj", "{74AF7214-4A71-4564-82A3-E62AC40D0078}"
EndProject
Global
	GlobalSection(SolutionConfigurationPlatforms) = preSolution
		Debug|Any CPU = Debug|Any CPU
		Release|Any CPU = Release|Any CPU
	EndGlobalSection
	GlobalSection(ProjectConfigurationPlatforms) = postSolution
		{74AF7214-4A71-4564-82A3-E62AC40D0078}.Debug|Any CPU.ActiveCfg = Debug|Any CPU
		{74AF7214-4A71-4564-82A3-E62AC40D0078}.Debug|Any CPU.Build.0 = Debug|Any CPU
		{74AF7214-4A71-4564-82A3-E62AC40D0078}.Release|Any CPU.ActiveCfg = Release|Any CPU
		{74AF7214-4A71-4564-82A3-E62AC40D0078}.Release|Any CPU.Build.0 = Release|Any CPU
	EndGlobalSection
	GlobalSection(SolutionProperties) = preSolution
		HideSolutionNode = FALSE
	EndGlobalSection
	GlobalSection(ExtensibilityGlobals) = postSolution
		SolutionGuid = {32DCE351-B93C-467F-B353-EB95B5D7A213}
	EndGlobalSection
EndGlobal
